
Microsoft Visual Studio Solution File, Format Version 12.00
Project("{FAE04EC0-301F-11D3-BF4B-00C04F79EFBC}") = "AdventOfCode.Cli", "AdventOfCode.Cli.csproj", "{ADDF51E3-18DB-4D5F-B2A2-7EC16C7FA9B3}"
EndProject
Global
	GlobalSection(SolutionConfigurationPlatforms) = preSolution
		Debug|Any CPU = Debug|Any CPU
		Release|Any CPU = Release|Any CPU
	EndGlobalSection
	GlobalSection(ProjectConfigurationPlatforms) = postSolution
		{ADDF51E3-18DB-4D5F-B2A2-7EC16C7FA9B3}.Debug|Any CPU.ActiveCfg = Debug|Any CPU
		{ADDF51E3-18DB-4D5F-B2A2-7EC16C7FA9B3}.Debug|Any CPU.Build.0 = Debug|Any CPU
		{ADDF51E3-18DB-4D5F-B2A2-7EC16C7FA9B3}.Release|Any CPU.ActiveCfg = Release|Any CPU
		{ADDF51E3-18DB-4D5F-B2A2-7EC16C7FA9B3}.Release|Any CPU.Build.0 = Release|Any CPU
	EndGlobalSection
EndGlobal
